
Microsoft Visual Studio Solution File, Format Version 11.00
# Visual Studio 2010
Project("{FAE04EC0-301F-11D3-BF4B-00C04F79EFBC}") = "Assembly-CSharp", "Assembly-CSharp.csproj", "{AD184FF3-760D-00C7-91B3-CDB947D5CC0E}"
EndProject
Project("{FAE04EC0-301F-11D3-BF4B-00C04F79EFBC}") = "Assembly-CSharp-Editor", "Assembly-CSharp-Editor.csproj", "{713B6B52-2F6B-8AC8-2851-ECCEDC31849E}"
EndProject
Global
	GlobalSection(SolutionConfigurationPlatforms) = preSolution
		Debug|Any CPU = Debug|Any CPU
		Release|Any CPU = Release|Any CPU
	EndGlobalSection
	GlobalSection(ProjectConfigurationPlatforms) = postSolution
		{AD184FF3-760D-00C7-91B3-CDB947D5CC0E}.Debug|Any CPU.ActiveCfg = Debug|Any CPU
		{AD184FF3-760D-00C7-91B3-CDB947D5CC0E}.Debug|Any CPU.Build.0 = Debug|Any CPU
		{AD184FF3-760D-00C7-91B3-CDB947D5CC0E}.Release|Any CPU.ActiveCfg = Release|Any CPU
		{AD184FF3-760D-00C7-91B3-CDB947D5CC0E}.Release|Any CPU.Build.0 = Release|Any CPU
		{713B6B52-2F6B-8AC8-2851-ECCEDC31849E}.Debug|Any CPU.ActiveCfg = Debug|Any CPU
		{713B6B52-2F6B-8AC8-2851-ECCEDC31849E}.Debug|Any CPU.Build.0 = Debug|Any CPU
		{713B6B52-2F6B-8AC8-2851-ECCEDC31849E}.Release|Any CPU.ActiveCfg = Release|Any CPU
		{713B6B52-2F6B-8AC8-2851-ECCEDC31849E}.Release|Any CPU.Build.0 = Release|Any CPU
	EndGlobalSection
	GlobalSection(SolutionProperties) = preSolution
		HideSolutionNode = FALSE
	EndGlobalSection
EndGlobal
